// !$*UTF8*$!
{
	archiveVersion = 1;
	classes = {
	};
	objectVersion = 56;
	objects = {

/* Begin PBXBuildFile section */
		0DD2295E2DD4657200392BFE /* AppDelegate.swift in Sources */ = {isa = PBXBuildFile; fileRef = 0DD2295D2DD4657200392BFE /* AppDelegate.swift */; };
		0DD229602DD4657200392BFE /* SceneDelegate.swift in Sources */ = {isa = PBXBuildFile; fileRef = 0DD2295F2DD4657200392BFE /* SceneDelegate.swift */; };
		0DD229622DD4657200392BFE /* ViewController.swift in Sources */ = {isa = PBXBuildFile; fileRef = 0DD229612DD4657200392BFE /* ViewController.swift */; };
		0DD229652DD4657200392BFE /* Main.storyboard in Resources */ = {isa = PBXBuildFile; fileRef = 0DD229632DD4657200392BFE /* Main.storyboard */; };
		0DD229672DD4657400392BFE /* Assets.xcassets in Resources */ = {isa = PBXBuildFile; fileRef = 0DD229662DD4657400392BFE /* Assets.xcassets */; };
		0DD2296A2DD4657400392BFE /* LaunchScreen.storyboard in Resources */ = {isa = PBXBuildFile; fileRef = 0DD229682DD4657400392BFE /* LaunchScreen.storyboard */; };
		0DD229762DD467E800392BFE /* UUIDCell.swift in Sources */ = {isa = PBXBuildFile; fileRef = 0DD229742DD467E800392BFE /* UUIDCell.swift */; };
		0DD229772DD467E800392BFE /* UUIDCell.xib in Resources */ = {isa = PBXBuildFile; fileRef = 0DD229752DD467E800392BFE /* UUIDCell.xib */; };
/* End PBXBuildFile section */

/* Begin PBXFileReference section */
		0DD2295A2DD4657200392BFE /* BLEScannerTableView.app */ = {isa = PBXFileReference; explicitFileType = wrapper.application; includeInIndex = 0; path = BLEScannerTableView.app; sourceTree = BUILT_PRODUCTS_DIR; };
		0DD2295D2DD4657200392BFE /* AppDelegate.swift */ = {isa = PBXFileReference; lastKnownFileType = sourcecode.swift; path = AppDelegate.swift; sourceTree = "<group>"; };
		0DD2295F2DD4657200392BFE /* SceneDelegate.swift */ = {isa = PBXFileReference; lastKnownFileType = sourcecode.swift; path = SceneDelegate.swift; sourceTree = "<group>"; };
		0DD229612DD4657200392BFE /* ViewController.swift */ = {isa = PBXFileReference; lastKnownFileType = sourcecode.swift; path = ViewController.swift; sourceTree = "<group>"; };
		0DD229642DD4657200392BFE /* Base */ = {isa = PBXFileReference; lastKnownFileType = file.storyboard; name = Base; path = Base.lproj/Main.storyboard; sourceTree = "<group>"; };
		0DD229662DD4657400392BFE /* Assets.xcassets */ = {isa = PBXFileReference; lastKnownFileType = folder.assetcatalog; path = Assets.xcassets; sourceTree = "<group>"; };
		0DD229692DD4657400392BFE /* Base */ = {isa = PBXFileReference; lastKnownFileType = file.storyboard; name = Base; path = Base.lproj/LaunchScreen.storyboard; sourceTree = "<group>"; };
		0DD2296B2DD4657400392BFE /* Info.plist */ = {isa = PBXFileReference; lastKnownFileType = text.plist.xml; path = Info.plist; sourceTree = "<group>"; };
		0DD229742DD467E800392BFE /* UUIDCell.swift */ = {isa = PBXFileReference; lastKnownFileType = sourcecode.swift; path = UUIDCell.swift; sourceTree = "<group>"; };
		0DD229752DD467E800392BFE /* UUIDCell.xib */ = {isa = PBXFileReference; lastKnownFileType = file.xib; path = UUIDCell.xib; sourceTree = "<group>"; };
/* End PBXFileReference section */

/* Begin PBXFrameworksBuildPhase section */
		0DD229572DD4657200392BFE /* Frameworks */ = {
			isa = PBXFrameworksBuildPhase;
			buildActionMask = 2147483647;
			files = (
			);
			runOnlyForDeploymentPostprocessing = 0;
		};
/* End PBXFrameworksBuildPhase section */

/* Begin PBXGroup section */
		0DD229512DD4657200392BFE = {
			isa = PBXGroup;
			children = (
				0DD2295C2DD4657200392BFE /* BLEScannerTableView */,
				0DD2295B2DD4657200392BFE /* Products */,
			);
			sourceTree = "<group>";
		};
		0DD2295B2DD4657200392BFE /* Products */ = {
			isa = PBXGroup;
			children = (
				0DD2295A2DD4657200392BFE /* BLEScannerTableView.app */,
			);
			name = Products;
			sourceTree = "<group>";
		};
		0DD2295C2DD4657200392BFE /* BLEScannerTableView */ = {
			isa = PBXGroup;
			children = (
				0DD229712DD4677400392BFE /* AppDelegate */,
				0DD229722DD4678000392BFE /* ViewController */,
				0DD229732DD467A300392BFE /* Storybord */,
				0DD229662DD4657400392BFE /* Assets.xcassets */,
				0DD2296B2DD4657400392BFE /* Info.plist */,
			);
			path = BLEScannerTableView;
			sourceTree = "<group>";
		};
		0DD229712DD4677400392BFE /* AppDelegate */ = {
			isa = PBXGroup;
			children = (
				0DD2295D2DD4657200392BFE /* AppDelegate.swift */,
				0DD2295F2DD4657200392BFE /* SceneDelegate.swift */,
			);
			path = AppDelegate;
			sourceTree = "<group>";
		};
		0DD229722DD4678000392BFE /* ViewController */ = {
			isa = PBXGroup;
			children = (
				0DD229612DD4657200392BFE /* ViewController.swift */,
				0DD229742DD467E800392BFE /* UUIDCell.swift */,
				0DD229752DD467E800392BFE /* UUIDCell.xib */,
			);
			path = ViewController;
			sourceTree = "<group>";
		};
		0DD229732DD467A300392BFE /* Storybord */ = {
			isa = PBXGroup;
			children = (
				0DD229632DD4657200392BFE /* Main.storyboard */,
				0DD229682DD4657400392BFE /* LaunchScreen.storyboard */,
			);
			path = Storybord;
			sourceTree = "<group>";
		};
/* End PBXGroup section */

/* Begin PBXNativeTarget section */
		0DD229592DD4657200392BFE /* BLEScannerTableView */ = {
			isa = PBXNativeTarget;
			buildConfigurationList = 0DD2296E2DD4657400392BFE /* Build configuration list for PBXNativeTarget "BLEScannerTableView" */;
			buildPhases = (
				0DD229562DD4657200392BFE /* Sources */,
				0DD229572DD4657200392BFE /* Frameworks */,
				0DD229582DD4657200392BFE /* Resources */,
			);
			buildRules = (
			);
			dependencies = (
			);
			name = BLEScannerTableView;
			productName = BLEScannerTableView;
			productReference = 0DD2295A2DD4657200392BFE /* BLEScannerTableView.app */;
			productType = "com.apple.product-type.application";
		};
/* End PBXNativeTarget section */

/* Begin PBXProject section */
		0DD229522DD4657200392BFE /* Project object */ = {
			isa = PBXProject;
			attributes = {
				BuildIndependentTargetsInParallel = 1;
				LastSwiftUpdateCheck = 1420;
				LastUpgradeCheck = 1420;
				TargetAttributes = {
					0DD229592DD4657200392BFE = {
						CreatedOnToolsVersion = 14.2;
					};
				};
			};
			buildConfigurationList = 0DD229552DD4657200392BFE /* Build configuration list for PBXProject "BLEScannerTableView" */;
			compatibilityVersion = "Xcode 14.0";
			developmentRegion = en;
			hasScannedForEncodings = 0;
			knownRegions = (
				en,
				Base,
			);
			mainGroup = 0DD229512DD4657200392BFE;
			productRefGroup = 0DD2295B2DD4657200392BFE /* Products */;
			projectDirPath = "";
			projectRoot = "";
			targets = (
				0DD229592DD4657200392BFE /* BLEScannerTableView */,
			);
		};
/* End PBXProject section */

/* Begin PBXResourcesBuildPhase section */
		0DD229582DD4657200392BFE /* Resources */ = {
			isa = PBXResourcesBuildPhase;
			buildActionMask = 2147483647;
			files = (
				0DD229772DD467E800392BFE /* UUIDCell.xib in Resources */,
				0DD2296A2DD4657400392BFE /* LaunchScreen.storyboard in Resources */,
				0DD229672DD4657400392BFE /* Assets.xcassets in Resources */,
				0DD229652DD4657200392BFE /* Main.storyboard in Resources */,
			);
			runOnlyForDeploymentPostprocessing = 0;
		};
/* End PBXResourcesBuildPhase section */

/* Begin PBXSourcesBuildPhase section */
		0DD229562DD4657200392BFE /* Sources */ = {
			isa = PBXSourcesBuildPhase;
			buildActionMask = 2147483647;
			files = (
				0DD229762DD467E800392BFE /* UUIDCell.swift in Sources */,
				0DD229622DD4657200392BFE /* ViewController.swift in Sources */,
				0DD2295E2DD4657200392BFE /* AppDelegate.swift in Sources */,
				0DD229602DD4657200392BFE /* SceneDelegate.swift in Sources */,
			);
			runOnlyForDeploymentPostprocessing = 0;
		};
/* End PBXSourcesBuildPhase section */

/* Begin PBXVariantGroup section */
		0DD229632DD4657200392BFE /* Main.storyboard */ = {
			isa = PBXVariantGroup;
			children = (
				0DD229642DD4657200392BFE /* Base */,
			);
			name = Main.storyboard;
			sourceTree = "<group>";
		};
		0DD229682DD4657400392BFE /* LaunchScreen.storyboard */ = {
			isa = PBXVariantGroup;
			children = (
				0DD229692DD4657400392BFE /* Base */,
			);
			name = LaunchScreen.storyboard;
			sourceTree = "<group>";
		};
/* End PBXVariantGroup section */

/* Begin XCBuildConfiguration section */
		0DD2296C2DD4657400392BFE /* Debug */ = {
			isa = XCBuildConfiguration;
			buildSettings = {
				ALWAYS_SEARCH_USER_PATHS = NO;
				CLANG_ANALYZER_NONNULL = YES;
				CLANG_ANALYZER_NUMBER_OBJECT_CONVERSION = YES_AGGRESSIVE;
				CLANG_CXX_LANGUAGE_STANDARD = "gnu++20";
				CLANG_ENABLE_MODULES = YES;
				CLANG_ENABLE_OBJC_ARC = YES;
				CLANG_ENABLE_OBJC_WEAK = YES;
				CLANG_WARN_BLOCK_CAPTURE_AUTORELEASING = YES;
				CLANG_WARN_BOOL_CONVERSION = YES;
				CLANG_WARN_COMMA = YES;
				CLANG_WARN_CONSTANT_CONVERSION = YES;
				CLANG_WARN_DEPRECATED_OBJC_IMPLEMENTATIONS = YES;
				CLANG_WARN_DIRECT_OBJC_ISA_USAGE = YES_ERROR;
				CLANG_WARN_DOCUMENTATION_COMMENTS = YES;
				CLANG_WARN_EMPTY_BODY = YES;
				CLANG_WARN_ENUM_CONVERSION = YES;
				CLANG_WARN_INFINITE_RECURSION = YES;
				CLANG_WARN_INT_CONVERSION = YES;
				CLANG_WARN_NON_LITERAL_NULL_CONVERSION = YES;
				CLANG_WARN_OBJC_IMPLICIT_RETAIN_SELF = YES;
				CLANG_WARN_OBJC_LITERAL_CONVERSION = YES;
				CLANG_WARN_OBJC_ROOT_CLASS = YES_ERROR;
				CLANG_WARN_QUOTED_INCLUDE_IN_FRAMEWORK_HEADER = YES;
				CLANG_WARN_RANGE_LOOP_ANALYSIS = YES;
				CLANG_WARN_STRICT_PROTOTYPES = YES;
				CLANG_WARN_SUSPICIOUS_MOVE = YES;
				CLANG_WARN_UNGUARDED_AVAILABILITY = YES_AGGRESSIVE;
				CLANG_WARN_UNREACHABLE_CODE = YES;
				CLANG_WARN__DUPLICATE_METHOD_MATCH = YES;
				COPY_PHASE_STRIP = NO;
				DEBUG_INFORMATION_FORMAT = dwarf;
				ENABLE_STRICT_OBJC_MSGSEND = YES;
				ENABLE_TESTABILITY = YES;
				GCC_C_LANGUAGE_STANDARD = gnu11;
				GCC_DYNAMIC_NO_PIC = NO;
				GCC_NO_COMMON_BLOCKS = YES;
				GCC_OPTIMIZATION_LEVEL = 0;
				GCC_PREPROCESSOR_DEFINITIONS = (
					"DEBUG=1",
					"$(inherited)",
				);
				GCC_WARN_64_TO_32_BIT_CONVERSION = YES;
				GCC_WARN_ABOUT_RETURN_TYPE = YES_ERROR;
				GCC_WARN_UNDECLARED_SELECTOR = YES;
				GCC_WARN_UNINITIALIZED_AUTOS = YES_AGGRESSIVE;
				GCC_WARN_UNUSED_FUNCTION = YES;
				GCC_WARN_UNUSED_VARIABLE = YES;
				IPHONEOS_DEPLOYMENT_TARGET = 14.0;
				MTL_ENABLE_DEBUG_INFO = INCLUDE_SOURCE;
				MTL_FAST_MATH = YES;
				ONLY_ACTIVE_ARCH = YES;
				SDKROOT = iphoneos;
				SWIFT_ACTIVE_COMPILATION_CONDITIONS = DEBUG;
				SWIFT_OPTIMIZATION_LEVEL = "-Onone";
			};
			name = Debug;
		};
		0DD2296D2DD4657400392BFE /* Release */ = {
			isa = XCBuildConfiguration;
			buildSettings = {
				ALWAYS_SEARCH_USER_PATHS = NO;
				CLANG_ANALYZER_NONNULL = YES;
				CLANG_ANALYZER_NUMBER_OBJECT_CONVERSION = YES_AGGRESSIVE;
				CLANG_CXX_LANGUAGE_STANDARD = "gnu++20";
				CLANG_ENABLE_MODULES = YES;
				CLANG_ENABLE_OBJC_ARC = YES;
				CLANG_ENABLE_OBJC_WEAK = YES;
				CLANG_WARN_BLOCK_CAPTURE_AUTORELEASING = YES;
				CLANG_WARN_BOOL_CONVERSION = YES;
				CLANG_WARN_COMMA = YES;
				CLANG_WARN_CONSTANT_CONVERSION = YES;
				CLANG_WARN_DEPRECATED_OBJC_IMPLEMENTATIONS = YES;
				CLANG_WARN_DIRECT_OBJC_ISA_USAGE = YES_ERROR;
				CLANG_WARN_DOCUMENTATION_COMMENTS = YES;
				CLANG_WARN_EMPTY_BODY = YES;
				CLANG_WARN_ENUM_CONVERSION = YES;
				CLANG_WARN_INFINITE_RECURSION = YES;
				CLANG_WARN_INT_CONVERSION = YES;
				CLANG_WARN_NON_LITERAL_NULL_CONVERSION = YES;
				CLANG_WARN_OBJC_IMPLICIT_RETAIN_SELF = YES;
				CLANG_WARN_OBJC_LITERAL_CONVERSION = YES;
				CLANG_WARN_OBJC_ROOT_CLASS = YES_ERROR;
				CLANG_WARN_QUOTED_INCLUDE_IN_FRAMEWORK_HEADER = YES;
				CLANG_WARN_RANGE_LOOP_ANALYSIS = YES;
				CLANG_WARN_STRICT_PROTOTYPES = YES;
				CLANG_WARN_SUSPICIOUS_MOVE = YES;
				CLANG_WARN_UNGUARDED_AVAILABILITY = YES_AGGRESSIVE;
				CLANG_WARN_UNREACHABLE_CODE = YES;
				CLANG_WARN__DUPLICATE_METHOD_MATCH = YES;
				COPY_PHASE_STRIP = NO;
				DEBUG_INFORMATION_FORMAT = "dwarf-with-dsym";
				ENABLE_NS_ASSERTIONS = NO;
				ENABLE_STRICT_OBJC_MSGSEND = YES;
				GCC_C_LANGUAGE_STANDARD = gnu11;
				GCC_NO_COMMON_BLOCKS = YES;
				GCC_WARN_64_TO_32_BIT_CONVERSION = YES;
				GCC_WARN_ABOUT_RETURN_TYPE = YES_ERROR;
				GCC_WARN_UNDECLARED_SELECTOR = YES;
				GCC_WARN_UNINITIALIZED_AUTOS = YES_AGGRESSIVE;
				GCC_WARN_UNUSED_FUNCTION = YES;
				GCC_WARN_UNUSED_VARIABLE = YES;
				IPHONEOS_DEPLOYMENT_TARGET = 14.0;
				MTL_ENABLE_DEBUG_INFO = NO;
				MTL_FAST_MATH = YES;
				SDKROOT = iphoneos;
				SWIFT_COMPILATION_MODE = wholemodule;
				SWIFT_OPTIMIZATION_LEVEL = "-O";
				VALIDATE_PRODUCT = YES;
			};
			name = Release;
		};
		0DD2296F2DD4657400392BFE /* Debug */ = {
			isa = XCBuildConfiguration;
			buildSettings = {
				ASSETCATALOG_COMPILER_APPICON_NAME = AppIcon;
				ASSETCATALOG_COMPILER_GLOBAL_ACCENT_COLOR_NAME = AccentColor;
				CODE_SIGN_STYLE = Automatic;
				CURRENT_PROJECT_VERSION = 1;
				DEVELOPMENT_TEAM = W7J8FUEGEL;
				GENERATE_INFOPLIST_FILE = YES;
				INFOPLIST_FILE = BLEScannerTableView/Info.plist;
				INFOPLIST_KEY_UIApplicationSupportsIndirectInputEvents = YES;
				INFOPLIST_KEY_UILaunchStoryboardName = LaunchScreen;
				INFOPLIST_KEY_UIMainStoryboardFile = Main;
				INFOPLIST_KEY_UISupportedInterfaceOrientations_iPad = "UIInterfaceOrientationPortrait UIInterfaceOrientationPortraitUpsideDown UIInterfaceOrientationLandscapeLeft UIInterfaceOrientationLandscapeRight";
				INFOPLIST_KEY_UISupportedInterfaceOrientations_iPhone = "UIInterfaceOrientationPortrait UIInterfaceOrientationLandscapeLeft UIInterfaceOrientationLandscapeRight";
				LD_RUNPATH_SEARCH_PATHS = (
					"$(inherited)",
					"@executable_path/Frameworks",
				);
				MARKETING_VERSION = 1.0;
				PRODUCT_BUNDLE_IDENTIFIER = com.bluepixel.demo.BLEScannerTableView;
				PRODUCT_NAME = "$(TARGET_NAME)";
				SWIFT_EMIT_LOC_STRINGS = YES;
				SWIFT_VERSION = 5.0;
				TARGETED_DEVICE_FAMILY = "1,2";
			};
			name = Debug;
		};
		0DD229702DD4657400392BFE /* Release */ = {
			isa = XCBuildConfiguration;
			buildSettings = {
				ASSETCATALOG_COMPILER_APPICON_NAME = AppIcon;
				ASSETCATALOG_COMPILER_GLOBAL_ACCENT_COLOR_NAME = AccentColor;
				CODE_SIGN_STYLE = Automatic;
				CURRENT_PROJECT_VERSION = 1;
				DEVELOPMENT_TEAM = W7J8FUEGEL;
				GENERATE_INFOPLIST_FILE = YES;
				INFOPLIST_FILE = BLEScannerTableView/Info.plist;
				INFOPLIST_KEY_UIApplicationSupportsIndirectInputEvents = YES;
				INFOPLIST_KEY_UILaunchStoryboardName = LaunchScreen;
				INFOPLIST_KEY_UIMainStoryboardFile = Main;
				INFOPLIST_KEY_UISupportedInterfaceOrientations_iPad = "UIInterfaceOrientationPortrait UIInterfaceOrientationPortraitUpsideDown UIInterfaceOrientationLandscapeLeft UIInterfaceOrientationLandscapeRight";
				INFOPLIST_KEY_UISupportedInterfaceOrientations_iPhone = "UIInterfaceOrientationPortrait UIInterfaceOrientationLandscapeLeft UIInterfaceOrientationLandscapeRight";
				LD_RUNPATH_SEARCH_PATHS = (
					"$(inherited)",
					"@executable_path/Frameworks",
				);
				MARKETING_VERSION = 1.0;
				PRODUCT_BUNDLE_IDENTIFIER = com.bluepixel.demo.BLEScannerTableView;
				PRODUCT_NAME = "$(TARGET_NAME)";
				SWIFT_EMIT_LOC_STRINGS = YES;
				SWIFT_VERSION = 5.0;
				TARGETED_DEVICE_FAMILY = "1,2";
			};
			name = Release;
		};
/* End XCBuildConfiguration section */

/* Begin XCConfigurationList section */
		0DD229552DD4657200392BFE /* Build configuration list for PBXProject "BLEScannerTableView" */ = {
			isa = XCConfigurationList;
			buildConfigurations = (
				0DD2296C2DD4657400392BFE /* Debug */,
				0DD2296D2DD4657400392BFE /* Release */,
			);
			defaultConfigurationIsVisible = 0;
			defaultConfigurationName = Release;
		};
		0DD2296E2DD4657400392BFE /* Build configuration list for PBXNativeTarget "BLEScannerTableView" */ = {
			isa = XCConfigurationList;
			buildConfigurations = (
				0DD2296F2DD4657400392BFE /* Debug */,
				0DD229702DD4657400392BFE /* Release */,
			);
			defaultConfigurationIsVisible = 0;
			defaultConfigurationName = Release;
		};
/* End XCConfigurationList section */
	};
	rootObject = 0DD229522DD4657200392BFE /* Project object */;
}
