// !$*UTF8*$!
{
	archiveVersion = 1;
	classes = {
	};
	objectVersion = 50;
	objects = {

/* Begin PBXBuildFile section */
		04D6F8B72C85CD1D00FE9486 /* AppDelegate.swift in Sources */ = {isa = PBXBuildFile; fileRef = 04D6F8B62C85CD1D00FE9486 /* AppDelegate.swift */; };
		04D6F8B92C85CD1D00FE9486 /* SceneDelegate.swift in Sources */ = {isa = PBXBuildFile; fileRef = 04D6F8B82C85CD1D00FE9486 /* SceneDelegate.swift */; };
		04D6F8BB2C85CD1D00FE9486 /* ViewController.swift in Sources */ = {isa = PBXBuildFile; fileRef = 04D6F8BA2C85CD1D00FE9486 /* ViewController.swift */; };
		04D6F8BE2C85CD1D00FE9486 /* Main.storyboard in Resources */ = {isa = PBXBuildFile; fileRef = 04D6F8BC2C85CD1D00FE9486 /* Main.storyboard */; };
		04D6F8C02C85CD1F00FE9486 /* Assets.xcassets in Resources */ = {isa = PBXBuildFile; fileRef = 04D6F8BF2C85CD1F00FE9486 /* Assets.xcassets */; };
		04D6F8C32C85CD1F00FE9486 /* LaunchScreen.storyboard in Resources */ = {isa = PBXBuildFile; fileRef = 04D6F8C12C85CD1F00FE9486 /* LaunchScreen.storyboard */; };
		04D6F8CC2C85D15E00FE9486 /* AayiNai-Stree2.mp3 in Resources */ = {isa = PBXBuildFile; fileRef = 04D6F8CB2C85D15E00FE9486 /* AayiNai-Stree2.mp3 */; };
		04D6F8D02C85D45800FE9486 /* MusicPlayerManager.swift in Sources */ = {isa = PBXBuildFile; fileRef = 04D6F8CF2C85D45800FE9486 /* MusicPlayerManager.swift */; };
		04F8F2D92C86D50A005E7052 /* VideoPlayer.swift in Sources */ = {isa = PBXBuildFile; fileRef = 04F8F2D82C86D50A005E7052 /* VideoPlayer.swift */; };
		04F8F2E22C86DEF9005E7052 /* Demo.mp4 in Resources */ = {isa = PBXBuildFile; fileRef = 04F8F2E12C86DEF9005E7052 /* Demo.mp4 */; };
/* End PBXBuildFile section */

/* Begin PBXFileReference section */
		04D6F8B32C85CD1C00FE9486 /* MusicPlayerDemo.app */ = {isa = PBXFileReference; explicitFileType = wrapper.application; includeInIndex = 0; path = MusicPlayerDemo.app; sourceTree = BUILT_PRODUCTS_DIR; };
		04D6F8B62C85CD1D00FE9486 /* AppDelegate.swift */ = {isa = PBXFileReference; lastKnownFileType = sourcecode.swift; path = AppDelegate.swift; sourceTree = "<group>"; };
		04D6F8B82C85CD1D00FE9486 /* SceneDelegate.swift */ = {isa = PBXFileReference; lastKnownFileType = sourcecode.swift; path = SceneDelegate.swift; sourceTree = "<group>"; };
		04D6F8BA2C85CD1D00FE9486 /* ViewController.swift */ = {isa = PBXFileReference; lastKnownFileType = sourcecode.swift; path = ViewController.swift; sourceTree = "<group>"; };
		04D6F8BD2C85CD1D00FE9486 /* Base */ = {isa = PBXFileReference; lastKnownFileType = file.storyboard; name = Base; path = Base.lproj/Main.storyboard; sourceTree = "<group>"; };
		04D6F8BF2C85CD1F00FE9486 /* Assets.xcassets */ = {isa = PBXFileReference; lastKnownFileType = folder.assetcatalog; path = Assets.xcassets; sourceTree = "<group>"; };
		04D6F8C22C85CD1F00FE9486 /* Base */ = {isa = PBXFileReference; lastKnownFileType = file.storyboard; name = Base; path = Base.lproj/LaunchScreen.storyboard; sourceTree = "<group>"; };
		04D6F8C42C85CD1F00FE9486 /* Info.plist */ = {isa = PBXFileReference; lastKnownFileType = text.plist.xml; path = Info.plist; sourceTree = "<group>"; };
		04D6F8CB2C85D15E00FE9486 /* AayiNai-Stree2.mp3 */ = {isa = PBXFileReference; lastKnownFileType = audio.mp3; path = "AayiNai-Stree2.mp3"; sourceTree = "<group>"; };
		04D6F8CF2C85D45800FE9486 /* MusicPlayerManager.swift */ = {isa = PBXFileReference; lastKnownFileType = sourcecode.swift; path = MusicPlayerManager.swift; sourceTree = "<group>"; };
		04F8F2D82C86D50A005E7052 /* VideoPlayer.swift */ = {isa = PBXFileReference; lastKnownFileType = sourcecode.swift; path = VideoPlayer.swift; sourceTree = "<group>"; };
		04F8F2E12C86DEF9005E7052 /* Demo.mp4 */ = {isa = PBXFileReference; lastKnownFileType = file; path = Demo.mp4; sourceTree = "<group>"; };
/* End PBXFileReference section */

/* Begin PBXFrameworksBuildPhase section */
		04D6F8B02C85CD1C00FE9486 /* Frameworks */ = {
			isa = PBXFrameworksBuildPhase;
			buildActionMask = 2147483647;
			files = (
			);
			runOnlyForDeploymentPostprocessing = 0;
		};
/* End PBXFrameworksBuildPhase section */

/* Begin PBXGroup section */
		04D6F8AA2C85CD1C00FE9486 = {
			isa = PBXGroup;
			children = (
				04D6F8B52C85CD1D00FE9486 /* MusicPlayerDemo */,
				04D6F8B42C85CD1C00FE9486 /* Products */,
			);
			sourceTree = "<group>";
		};
		04D6F8B42C85CD1C00FE9486 /* Products */ = {
			isa = PBXGroup;
			children = (
				04D6F8B32C85CD1C00FE9486 /* MusicPlayerDemo.app */,
			);
			name = Products;
			sourceTree = "<group>";
		};
		04D6F8B52C85CD1D00FE9486 /* MusicPlayerDemo */ = {
			isa = PBXGroup;
			children = (
				04F8F2D52C86D493005E7052 /* Delegate */,
				04F8F2D32C86D47D005E7052 /* Source */,
				04F8F2D62C86D4C1005E7052 /* Manager */,
				04F8F2D72C86D4DC005E7052 /* ViewController */,
				04D6F8BC2C85CD1D00FE9486 /* Main.storyboard */,
				04D6F8C12C85CD1F00FE9486 /* LaunchScreen.storyboard */,
				04D6F8BF2C85CD1F00FE9486 /* Assets.xcassets */,
				04D6F8C42C85CD1F00FE9486 /* Info.plist */,
			);
			path = MusicPlayerDemo;
			sourceTree = "<group>";
		};
		04F8F2D32C86D47D005E7052 /* Source */ = {
			isa = PBXGroup;
			children = (
				04F8F2E12C86DEF9005E7052 /* Demo.mp4 */,
				04D6F8CB2C85D15E00FE9486 /* AayiNai-Stree2.mp3 */,
			);
			path = Source;
			sourceTree = "<group>";
		};
		04F8F2D52C86D493005E7052 /* Delegate */ = {
			isa = PBXGroup;
			children = (
				04D6F8B62C85CD1D00FE9486 /* AppDelegate.swift */,
				04D6F8B82C85CD1D00FE9486 /* SceneDelegate.swift */,
			);
			path = Delegate;
			sourceTree = "<group>";
		};
		04F8F2D62C86D4C1005E7052 /* Manager */ = {
			isa = PBXGroup;
			children = (
				04D6F8CF2C85D45800FE9486 /* MusicPlayerManager.swift */,
			);
			path = Manager;
			sourceTree = "<group>";
		};
		04F8F2D72C86D4DC005E7052 /* ViewController */ = {
			isa = PBXGroup;
			children = (
				04D6F8BA2C85CD1D00FE9486 /* ViewController.swift */,
				04F8F2D82C86D50A005E7052 /* VideoPlayer.swift */,
			);
			path = ViewController;
			sourceTree = "<group>";
		};
/* End PBXGroup section */

/* Begin PBXNativeTarget section */
		04D6F8B22C85CD1C00FE9486 /* MusicPlayerDemo */ = {
			isa = PBXNativeTarget;
			buildConfigurationList = 04D6F8C72C85CD1F00FE9486 /* Build configuration list for PBXNativeTarget "MusicPlayerDemo" */;
			buildPhases = (
				04D6F8AF2C85CD1C00FE9486 /* Sources */,
				04D6F8B02C85CD1C00FE9486 /* Frameworks */,
				04D6F8B12C85CD1C00FE9486 /* Resources */,
			);
			buildRules = (
			);
			dependencies = (
			);
			name = MusicPlayerDemo;
			productName = MusicPlayerDemo;
			productReference = 04D6F8B32C85CD1C00FE9486 /* MusicPlayerDemo.app */;
			productType = "com.apple.product-type.application";
		};
/* End PBXNativeTarget section */

/* Begin PBXProject section */
		04D6F8AB2C85CD1C00FE9486 /* Project object */ = {
			isa = PBXProject;
			attributes = {
				LastSwiftUpdateCheck = 1200;
				LastUpgradeCheck = 1200;
				TargetAttributes = {
					04D6F8B22C85CD1C00FE9486 = {
						CreatedOnToolsVersion = 12.0;
					};
				};
			};
			buildConfigurationList = 04D6F8AE2C85CD1C00FE9486 /* Build configuration list for PBXProject "MusicPlayerDemo" */;
			compatibilityVersion = "Xcode 9.3";
			developmentRegion = en;
			hasScannedForEncodings = 0;
			knownRegions = (
				en,
				Base,
			);
			mainGroup = 04D6F8AA2C85CD1C00FE9486;
			productRefGroup = 04D6F8B42C85CD1C00FE9486 /* Products */;
			projectDirPath = "";
			projectRoot = "";
			targets = (
				04D6F8B22C85CD1C00FE9486 /* MusicPlayerDemo */,
			);
		};
/* End PBXProject section */

/* Begin PBXResourcesBuildPhase section */
		04D6F8B12C85CD1C00FE9486 /* Resources */ = {
			isa = PBXResourcesBuildPhase;
			buildActionMask = 2147483647;
			files = (
				04D6F8C32C85CD1F00FE9486 /* LaunchScreen.storyboard in Resources */,
				04D6F8C02C85CD1F00FE9486 /* Assets.xcassets in Resources */,
				04D6F8CC2C85D15E00FE9486 /* AayiNai-Stree2.mp3 in Resources */,
				04D6F8BE2C85CD1D00FE9486 /* Main.storyboard in Resources */,
				04F8F2E22C86DEF9005E7052 /* Demo.mp4 in Resources */,
			);
			runOnlyForDeploymentPostprocessing = 0;
		};
/* End PBXResourcesBuildPhase section */

/* Begin PBXSourcesBuildPhase section */
		04D6F8AF2C85CD1C00FE9486 /* Sources */ = {
			isa = PBXSourcesBuildPhase;
			buildActionMask = 2147483647;
			files = (
				04D6F8D02C85D45800FE9486 /* MusicPlayerManager.swift in Sources */,
				04F8F2D92C86D50A005E7052 /* VideoPlayer.swift in Sources */,
				04D6F8BB2C85CD1D00FE9486 /* ViewController.swift in Sources */,
				04D6F8B72C85CD1D00FE9486 /* AppDelegate.swift in Sources */,
				04D6F8B92C85CD1D00FE9486 /* SceneDelegate.swift in Sources */,
			);
			runOnlyForDeploymentPostprocessing = 0;
		};
/* End PBXSourcesBuildPhase section */

/* Begin PBXVariantGroup section */
		04D6F8BC2C85CD1D00FE9486 /* Main.storyboard */ = {
			isa = PBXVariantGroup;
			children = (
				04D6F8BD2C85CD1D00FE9486 /* Base */,
			);
			name = Main.storyboard;
			sourceTree = "<group>";
		};
		04D6F8C12C85CD1F00FE9486 /* LaunchScreen.storyboard */ = {
			isa = PBXVariantGroup;
			children = (
				04D6F8C22C85CD1F00FE9486 /* Base */,
			);
			name = LaunchScreen.storyboard;
			sourceTree = "<group>";
		};
/* End PBXVariantGroup section */

/* Begin XCBuildConfiguration section */
		04D6F8C52C85CD1F00FE9486 /* Debug */ = {
			isa = XCBuildConfiguration;
			buildSettings = {
				ALWAYS_SEARCH_USER_PATHS = NO;
				CLANG_ANALYZER_NONNULL = YES;
				CLANG_ANALYZER_NUMBER_OBJECT_CONVERSION = YES_AGGRESSIVE;
				CLANG_CXX_LANGUAGE_STANDARD = "gnu++14";
				CLANG_CXX_LIBRARY = "libc++";
				CLANG_ENABLE_MODULES = YES;
				CLANG_ENABLE_OBJC_ARC = YES;
				CLANG_ENABLE_OBJC_WEAK = YES;
				CLANG_WARN_BLOCK_CAPTURE_AUTORELEASING = YES;
				CLANG_WARN_BOOL_CONVERSION = YES;
				CLANG_WARN_COMMA = YES;
				CLANG_WARN_CONSTANT_CONVERSION = YES;
				CLANG_WARN_DEPRECATED_OBJC_IMPLEMENTATIONS = YES;
				CLANG_WARN_DIRECT_OBJC_ISA_USAGE = YES_ERROR;
				CLANG_WARN_DOCUMENTATION_COMMENTS = YES;
				CLANG_WARN_EMPTY_BODY = YES;
				CLANG_WARN_ENUM_CONVERSION = YES;
				CLANG_WARN_INFINITE_RECURSION = YES;
				CLANG_WARN_INT_CONVERSION = YES;
				CLANG_WARN_NON_LITERAL_NULL_CONVERSION = YES;
				CLANG_WARN_OBJC_IMPLICIT_RETAIN_SELF = YES;
				CLANG_WARN_OBJC_LITERAL_CONVERSION = YES;
				CLANG_WARN_OBJC_ROOT_CLASS = YES_ERROR;
				CLANG_WARN_QUOTED_INCLUDE_IN_FRAMEWORK_HEADER = YES;
				CLANG_WARN_RANGE_LOOP_ANALYSIS = YES;
				CLANG_WARN_STRICT_PROTOTYPES = YES;
				CLANG_WARN_SUSPICIOUS_MOVE = YES;
				CLANG_WARN_UNGUARDED_AVAILABILITY = YES_AGGRESSIVE;
				CLANG_WARN_UNREACHABLE_CODE = YES;
				CLANG_WARN__DUPLICATE_METHOD_MATCH = YES;
				COPY_PHASE_STRIP = NO;
				DEBUG_INFORMATION_FORMAT = dwarf;
				ENABLE_STRICT_OBJC_MSGSEND = YES;
				ENABLE_TESTABILITY = YES;
				GCC_C_LANGUAGE_STANDARD = gnu11;
				GCC_DYNAMIC_NO_PIC = NO;
				GCC_NO_COMMON_BLOCKS = YES;
				GCC_OPTIMIZATION_LEVEL = 0;
				GCC_PREPROCESSOR_DEFINITIONS = (
					"DEBUG=1",
					"$(inherited)",
				);
				GCC_WARN_64_TO_32_BIT_CONVERSION = YES;
				GCC_WARN_ABOUT_RETURN_TYPE = YES_ERROR;
				GCC_WARN_UNDECLARED_SELECTOR = YES;
				GCC_WARN_UNINITIALIZED_AUTOS = YES_AGGRESSIVE;
				GCC_WARN_UNUSED_FUNCTION = YES;
				GCC_WARN_UNUSED_VARIABLE = YES;
				IPHONEOS_DEPLOYMENT_TARGET = 14.0;
				MTL_ENABLE_DEBUG_INFO = INCLUDE_SOURCE;
				MTL_FAST_MATH = YES;
				ONLY_ACTIVE_ARCH = YES;
				SDKROOT = iphoneos;
				SWIFT_ACTIVE_COMPILATION_CONDITIONS = DEBUG;
				SWIFT_OPTIMIZATION_LEVEL = "-Onone";
			};
			name = Debug;
		};
		04D6F8C62C85CD1F00FE9486 /* Release */ = {
			isa = XCBuildConfiguration;
			buildSettings = {
				ALWAYS_SEARCH_USER_PATHS = NO;
				CLANG_ANALYZER_NONNULL = YES;
				CLANG_ANALYZER_NUMBER_OBJECT_CONVERSION = YES_AGGRESSIVE;
				CLANG_CXX_LANGUAGE_STANDARD = "gnu++14";
				CLANG_CXX_LIBRARY = "libc++";
				CLANG_ENABLE_MODULES = YES;
				CLANG_ENABLE_OBJC_ARC = YES;
				CLANG_ENABLE_OBJC_WEAK = YES;
				CLANG_WARN_BLOCK_CAPTURE_AUTORELEASING = YES;
				CLANG_WARN_BOOL_CONVERSION = YES;
				CLANG_WARN_COMMA = YES;
				CLANG_WARN_CONSTANT_CONVERSION = YES;
				CLANG_WARN_DEPRECATED_OBJC_IMPLEMENTATIONS = YES;
				CLANG_WARN_DIRECT_OBJC_ISA_USAGE = YES_ERROR;
				CLANG_WARN_DOCUMENTATION_COMMENTS = YES;
				CLANG_WARN_EMPTY_BODY = YES;
				CLANG_WARN_ENUM_CONVERSION = YES;
				CLANG_WARN_INFINITE_RECURSION = YES;
				CLANG_WARN_INT_CONVERSION = YES;
				CLANG_WARN_NON_LITERAL_NULL_CONVERSION = YES;
				CLANG_WARN_OBJC_IMPLICIT_RETAIN_SELF = YES;
				CLANG_WARN_OBJC_LITERAL_CONVERSION = YES;
				CLANG_WARN_OBJC_ROOT_CLASS = YES_ERROR;
				CLANG_WARN_QUOTED_INCLUDE_IN_FRAMEWORK_HEADER = YES;
				CLANG_WARN_RANGE_LOOP_ANALYSIS = YES;
				CLANG_WARN_STRICT_PROTOTYPES = YES;
				CLANG_WARN_SUSPICIOUS_MOVE = YES;
				CLANG_WARN_UNGUARDED_AVAILABILITY = YES_AGGRESSIVE;
				CLANG_WARN_UNREACHABLE_CODE = YES;
				CLANG_WARN__DUPLICATE_METHOD_MATCH = YES;
				COPY_PHASE_STRIP = NO;
				DEBUG_INFORMATION_FORMAT = "dwarf-with-dsym";
				ENABLE_NS_ASSERTIONS = NO;
				ENABLE_STRICT_OBJC_MSGSEND = YES;
				GCC_C_LANGUAGE_STANDARD = gnu11;
				GCC_NO_COMMON_BLOCKS = YES;
				GCC_WARN_64_TO_32_BIT_CONVERSION = YES;
				GCC_WARN_ABOUT_RETURN_TYPE = YES_ERROR;
				GCC_WARN_UNDECLARED_SELECTOR = YES;
				GCC_WARN_UNINITIALIZED_AUTOS = YES_AGGRESSIVE;
				GCC_WARN_UNUSED_FUNCTION = YES;
				GCC_WARN_UNUSED_VARIABLE = YES;
				IPHONEOS_DEPLOYMENT_TARGET = 14.0;
				MTL_ENABLE_DEBUG_INFO = NO;
				MTL_FAST_MATH = YES;
				SDKROOT = iphoneos;
				SWIFT_COMPILATION_MODE = wholemodule;
				SWIFT_OPTIMIZATION_LEVEL = "-O";
				VALIDATE_PRODUCT = YES;
			};
			name = Release;
		};
		04D6F8C82C85CD1F00FE9486 /* Debug */ = {
			isa = XCBuildConfiguration;
			buildSettings = {
				ASSETCATALOG_COMPILER_APPICON_NAME = AppIcon;
				ASSETCATALOG_COMPILER_GLOBAL_ACCENT_COLOR_NAME = AccentColor;
				CODE_SIGN_STYLE = Automatic;
				DEVELOPMENT_TEAM = W7J8FUEGEL;
				INFOPLIST_FILE = MusicPlayerDemo/Info.plist;
				LD_RUNPATH_SEARCH_PATHS = (
					"$(inherited)",
					"@executable_path/Frameworks",
				);
				PRODUCT_BUNDLE_IDENTIFIER = com.bluepixeltech.MusicPlayerDemo;
				PRODUCT_NAME = "$(TARGET_NAME)";
				SWIFT_VERSION = 5.0;
				TARGETED_DEVICE_FAMILY = "1,2";
			};
			name = Debug;
		};
		04D6F8C92C85CD1F00FE9486 /* Release */ = {
			isa = XCBuildConfiguration;
			buildSettings = {
				ASSETCATALOG_COMPILER_APPICON_NAME = AppIcon;
				ASSETCATALOG_COMPILER_GLOBAL_ACCENT_COLOR_NAME = AccentColor;
				CODE_SIGN_STYLE = Automatic;
				DEVELOPMENT_TEAM = W7J8FUEGEL;
				INFOPLIST_FILE = MusicPlayerDemo/Info.plist;
				LD_RUNPATH_SEARCH_PATHS = (
					"$(inherited)",
					"@executable_path/Frameworks",
				);
				PRODUCT_BUNDLE_IDENTIFIER = com.bluepixeltech.MusicPlayerDemo;
				PRODUCT_NAME = "$(TARGET_NAME)";
				SWIFT_VERSION = 5.0;
				TARGETED_DEVICE_FAMILY = "1,2";
			};
			name = Release;
		};
/* End XCBuildConfiguration section */

/* Begin XCConfigurationList section */
		04D6F8AE2C85CD1C00FE9486 /* Build configuration list for PBXProject "MusicPlayerDemo" */ = {
			isa = XCConfigurationList;
			buildConfigurations = (
				04D6F8C52C85CD1F00FE9486 /* Debug */,
				04D6F8C62C85CD1F00FE9486 /* Release */,
			);
			defaultConfigurationIsVisible = 0;
			defaultConfigurationName = Release;
		};
		04D6F8C72C85CD1F00FE9486 /* Build configuration list for PBXNativeTarget "MusicPlayerDemo" */ = {
			isa = XCConfigurationList;
			buildConfigurations = (
				04D6F8C82C85CD1F00FE9486 /* Debug */,
				04D6F8C92C85CD1F00FE9486 /* Release */,
			);
			defaultConfigurationIsVisible = 0;
			defaultConfigurationName = Release;
		};
/* End XCConfigurationList section */
	};
	rootObject = 04D6F8AB2C85CD1C00FE9486 /* Project object */;
}
