// !$*UTF8*$!
{
	archiveVersion = 1;
	classes = {
	};
	objectVersion = 50;
	objects = {

/* Begin PBXBuildFile section */
		04FCE64A2C92BCF30033E659 /* AppDelegate.swift in Sources */ = {isa = PBXBuildFile; fileRef = 04FCE6492C92BCF30033E659 /* AppDelegate.swift */; };
		04FCE64C2C92BCF30033E659 /* SceneDelegate.swift in Sources */ = {isa = PBXBuildFile; fileRef = 04FCE64B2C92BCF30033E659 /* SceneDelegate.swift */; };
		04FCE64E2C92BCF30033E659 /* ViewController.swift in Sources */ = {isa = PBXBuildFile; fileRef = 04FCE64D2C92BCF30033E659 /* ViewController.swift */; };
		04FCE6512C92BCF30033E659 /* Main.storyboard in Resources */ = {isa = PBXBuildFile; fileRef = 04FCE64F2C92BCF30033E659 /* Main.storyboard */; };
		04FCE6532C92BCF50033E659 /* Assets.xcassets in Resources */ = {isa = PBXBuildFile; fileRef = 04FCE6522C92BCF50033E659 /* Assets.xcassets */; };
		04FCE6562C92BCF50033E659 /* LaunchScreen.storyboard in Resources */ = {isa = PBXBuildFile; fileRef = 04FCE6542C92BCF50033E659 /* LaunchScreen.storyboard */; };
		04FCE65F2C92BD0B0033E659 /* CustomPlist.plist in Resources */ = {isa = PBXBuildFile; fileRef = 04FCE65E2C92BD0B0033E659 /* CustomPlist.plist */; };
/* End PBXBuildFile section */

/* Begin PBXFileReference section */
		04FCE6462C92BCF30033E659 /* CustomPlistDemo.app */ = {isa = PBXFileReference; explicitFileType = wrapper.application; includeInIndex = 0; path = CustomPlistDemo.app; sourceTree = BUILT_PRODUCTS_DIR; };
		04FCE6492C92BCF30033E659 /* AppDelegate.swift */ = {isa = PBXFileReference; lastKnownFileType = sourcecode.swift; path = AppDelegate.swift; sourceTree = "<group>"; };
		04FCE64B2C92BCF30033E659 /* SceneDelegate.swift */ = {isa = PBXFileReference; lastKnownFileType = sourcecode.swift; path = SceneDelegate.swift; sourceTree = "<group>"; };
		04FCE64D2C92BCF30033E659 /* ViewController.swift */ = {isa = PBXFileReference; lastKnownFileType = sourcecode.swift; path = ViewController.swift; sourceTree = "<group>"; };
		04FCE6502C92BCF30033E659 /* Base */ = {isa = PBXFileReference; lastKnownFileType = file.storyboard; name = Base; path = Base.lproj/Main.storyboard; sourceTree = "<group>"; };
		04FCE6522C92BCF50033E659 /* Assets.xcassets */ = {isa = PBXFileReference; lastKnownFileType = folder.assetcatalog; path = Assets.xcassets; sourceTree = "<group>"; };
		04FCE6552C92BCF50033E659 /* Base */ = {isa = PBXFileReference; lastKnownFileType = file.storyboard; name = Base; path = Base.lproj/LaunchScreen.storyboard; sourceTree = "<group>"; };
		04FCE6572C92BCF50033E659 /* Info.plist */ = {isa = PBXFileReference; lastKnownFileType = text.plist.xml; path = Info.plist; sourceTree = "<group>"; };
		04FCE65E2C92BD0B0033E659 /* CustomPlist.plist */ = {isa = PBXFileReference; lastKnownFileType = text.plist.xml; path = CustomPlist.plist; sourceTree = "<group>"; };
/* End PBXFileReference section */

/* Begin PBXFrameworksBuildPhase section */
		04FCE6432C92BCF30033E659 /* Frameworks */ = {
			isa = PBXFrameworksBuildPhase;
			buildActionMask = 2147483647;
			files = (
			);
			runOnlyForDeploymentPostprocessing = 0;
		};
/* End PBXFrameworksBuildPhase section */

/* Begin PBXGroup section */
		04FCE63D2C92BCF30033E659 = {
			isa = PBXGroup;
			children = (
				04FCE6482C92BCF30033E659 /* CustomPlistDemo */,
				04FCE6472C92BCF30033E659 /* Products */,
			);
			sourceTree = "<group>";
		};
		04FCE6472C92BCF30033E659 /* Products */ = {
			isa = PBXGroup;
			children = (
				04FCE6462C92BCF30033E659 /* CustomPlistDemo.app */,
			);
			name = Products;
			sourceTree = "<group>";
		};
		04FCE6482C92BCF30033E659 /* CustomPlistDemo */ = {
			isa = PBXGroup;
			children = (
				04FCE6492C92BCF30033E659 /* AppDelegate.swift */,
				04FCE64B2C92BCF30033E659 /* SceneDelegate.swift */,
				04FCE64D2C92BCF30033E659 /* ViewController.swift */,
				04FCE64F2C92BCF30033E659 /* Main.storyboard */,
				04FCE6522C92BCF50033E659 /* Assets.xcassets */,
				04FCE6542C92BCF50033E659 /* LaunchScreen.storyboard */,
				04FCE6572C92BCF50033E659 /* Info.plist */,
				04FCE65E2C92BD0B0033E659 /* CustomPlist.plist */,
			);
			path = CustomPlistDemo;
			sourceTree = "<group>";
		};
/* End PBXGroup section */

/* Begin PBXNativeTarget section */
		04FCE6452C92BCF30033E659 /* CustomPlistDemo */ = {
			isa = PBXNativeTarget;
			buildConfigurationList = 04FCE65A2C92BCF50033E659 /* Build configuration list for PBXNativeTarget "CustomPlistDemo" */;
			buildPhases = (
				04FCE6422C92BCF30033E659 /* Sources */,
				04FCE6432C92BCF30033E659 /* Frameworks */,
				04FCE6442C92BCF30033E659 /* Resources */,
			);
			buildRules = (
			);
			dependencies = (
			);
			name = CustomPlistDemo;
			productName = CustomPlistDemo;
			productReference = 04FCE6462C92BCF30033E659 /* CustomPlistDemo.app */;
			productType = "com.apple.product-type.application";
		};
/* End PBXNativeTarget section */

/* Begin PBXProject section */
		04FCE63E2C92BCF30033E659 /* Project object */ = {
			isa = PBXProject;
			attributes = {
				LastSwiftUpdateCheck = 1200;
				LastUpgradeCheck = 1200;
				TargetAttributes = {
					04FCE6452C92BCF30033E659 = {
						CreatedOnToolsVersion = 12.0;
					};
				};
			};
			buildConfigurationList = 04FCE6412C92BCF30033E659 /* Build configuration list for PBXProject "CustomPlistDemo" */;
			compatibilityVersion = "Xcode 9.3";
			developmentRegion = en;
			hasScannedForEncodings = 0;
			knownRegions = (
				en,
				Base,
			);
			mainGroup = 04FCE63D2C92BCF30033E659;
			productRefGroup = 04FCE6472C92BCF30033E659 /* Products */;
			projectDirPath = "";
			projectRoot = "";
			targets = (
				04FCE6452C92BCF30033E659 /* CustomPlistDemo */,
			);
		};
/* End PBXProject section */

/* Begin PBXResourcesBuildPhase section */
		04FCE6442C92BCF30033E659 /* Resources */ = {
			isa = PBXResourcesBuildPhase;
			buildActionMask = 2147483647;
			files = (
				04FCE6562C92BCF50033E659 /* LaunchScreen.storyboard in Resources */,
				04FCE6532C92BCF50033E659 /* Assets.xcassets in Resources */,
				04FCE65F2C92BD0B0033E659 /* CustomPlist.plist in Resources */,
				04FCE6512C92BCF30033E659 /* Main.storyboard in Resources */,
			);
			runOnlyForDeploymentPostprocessing = 0;
		};
/* End PBXResourcesBuildPhase section */

/* Begin PBXSourcesBuildPhase section */
		04FCE6422C92BCF30033E659 /* Sources */ = {
			isa = PBXSourcesBuildPhase;
			buildActionMask = 2147483647;
			files = (
				04FCE64E2C92BCF30033E659 /* ViewController.swift in Sources */,
				04FCE64A2C92BCF30033E659 /* AppDelegate.swift in Sources */,
				04FCE64C2C92BCF30033E659 /* SceneDelegate.swift in Sources */,
			);
			runOnlyForDeploymentPostprocessing = 0;
		};
/* End PBXSourcesBuildPhase section */

/* Begin PBXVariantGroup section */
		04FCE64F2C92BCF30033E659 /* Main.storyboard */ = {
			isa = PBXVariantGroup;
			children = (
				04FCE6502C92BCF30033E659 /* Base */,
			);
			name = Main.storyboard;
			sourceTree = "<group>";
		};
		04FCE6542C92BCF50033E659 /* LaunchScreen.storyboard */ = {
			isa = PBXVariantGroup;
			children = (
				04FCE6552C92BCF50033E659 /* Base */,
			);
			name = LaunchScreen.storyboard;
			sourceTree = "<group>";
		};
/* End PBXVariantGroup section */

/* Begin XCBuildConfiguration section */
		04FCE6582C92BCF50033E659 /* Debug */ = {
			isa = XCBuildConfiguration;
			buildSettings = {
				ALWAYS_SEARCH_USER_PATHS = NO;
				CLANG_ANALYZER_NONNULL = YES;
				CLANG_ANALYZER_NUMBER_OBJECT_CONVERSION = YES_AGGRESSIVE;
				CLANG_CXX_LANGUAGE_STANDARD = "gnu++14";
				CLANG_CXX_LIBRARY = "libc++";
				CLANG_ENABLE_MODULES = YES;
				CLANG_ENABLE_OBJC_ARC = YES;
				CLANG_ENABLE_OBJC_WEAK = YES;
				CLANG_WARN_BLOCK_CAPTURE_AUTORELEASING = YES;
				CLANG_WARN_BOOL_CONVERSION = YES;
				CLANG_WARN_COMMA = YES;
				CLANG_WARN_CONSTANT_CONVERSION = YES;
				CLANG_WARN_DEPRECATED_OBJC_IMPLEMENTATIONS = YES;
				CLANG_WARN_DIRECT_OBJC_ISA_USAGE = YES_ERROR;
				CLANG_WARN_DOCUMENTATION_COMMENTS = YES;
				CLANG_WARN_EMPTY_BODY = YES;
				CLANG_WARN_ENUM_CONVERSION = YES;
				CLANG_WARN_INFINITE_RECURSION = YES;
				CLANG_WARN_INT_CONVERSION = YES;
				CLANG_WARN_NON_LITERAL_NULL_CONVERSION = YES;
				CLANG_WARN_OBJC_IMPLICIT_RETAIN_SELF = YES;
				CLANG_WARN_OBJC_LITERAL_CONVERSION = YES;
				CLANG_WARN_OBJC_ROOT_CLASS = YES_ERROR;
				CLANG_WARN_QUOTED_INCLUDE_IN_FRAMEWORK_HEADER = YES;
				CLANG_WARN_RANGE_LOOP_ANALYSIS = YES;
				CLANG_WARN_STRICT_PROTOTYPES = YES;
				CLANG_WARN_SUSPICIOUS_MOVE = YES;
				CLANG_WARN_UNGUARDED_AVAILABILITY = YES_AGGRESSIVE;
				CLANG_WARN_UNREACHABLE_CODE = YES;
				CLANG_WARN__DUPLICATE_METHOD_MATCH = YES;
				COPY_PHASE_STRIP = NO;
				DEBUG_INFORMATION_FORMAT = dwarf;
				ENABLE_STRICT_OBJC_MSGSEND = YES;
				ENABLE_TESTABILITY = YES;
				GCC_C_LANGUAGE_STANDARD = gnu11;
				GCC_DYNAMIC_NO_PIC = NO;
				GCC_NO_COMMON_BLOCKS = YES;
				GCC_OPTIMIZATION_LEVEL = 0;
				GCC_PREPROCESSOR_DEFINITIONS = (
					"DEBUG=1",
					"$(inherited)",
				);
				GCC_WARN_64_TO_32_BIT_CONVERSION = YES;
				GCC_WARN_ABOUT_RETURN_TYPE = YES_ERROR;
				GCC_WARN_UNDECLARED_SELECTOR = YES;
				GCC_WARN_UNINITIALIZED_AUTOS = YES_AGGRESSIVE;
				GCC_WARN_UNUSED_FUNCTION = YES;
				GCC_WARN_UNUSED_VARIABLE = YES;
				IPHONEOS_DEPLOYMENT_TARGET = 14.0;
				MTL_ENABLE_DEBUG_INFO = INCLUDE_SOURCE;
				MTL_FAST_MATH = YES;
				ONLY_ACTIVE_ARCH = YES;
				SDKROOT = iphoneos;
				SWIFT_ACTIVE_COMPILATION_CONDITIONS = DEBUG;
				SWIFT_OPTIMIZATION_LEVEL = "-Onone";
			};
			name = Debug;
		};
		04FCE6592C92BCF50033E659 /* Release */ = {
			isa = XCBuildConfiguration;
			buildSettings = {
				ALWAYS_SEARCH_USER_PATHS = NO;
				CLANG_ANALYZER_NONNULL = YES;
				CLANG_ANALYZER_NUMBER_OBJECT_CONVERSION = YES_AGGRESSIVE;
				CLANG_CXX_LANGUAGE_STANDARD = "gnu++14";
				CLANG_CXX_LIBRARY = "libc++";
				CLANG_ENABLE_MODULES = YES;
				CLANG_ENABLE_OBJC_ARC = YES;
				CLANG_ENABLE_OBJC_WEAK = YES;
				CLANG_WARN_BLOCK_CAPTURE_AUTORELEASING = YES;
				CLANG_WARN_BOOL_CONVERSION = YES;
				CLANG_WARN_COMMA = YES;
				CLANG_WARN_CONSTANT_CONVERSION = YES;
				CLANG_WARN_DEPRECATED_OBJC_IMPLEMENTATIONS = YES;
				CLANG_WARN_DIRECT_OBJC_ISA_USAGE = YES_ERROR;
				CLANG_WARN_DOCUMENTATION_COMMENTS = YES;
				CLANG_WARN_EMPTY_BODY = YES;
				CLANG_WARN_ENUM_CONVERSION = YES;
				CLANG_WARN_INFINITE_RECURSION = YES;
				CLANG_WARN_INT_CONVERSION = YES;
				CLANG_WARN_NON_LITERAL_NULL_CONVERSION = YES;
				CLANG_WARN_OBJC_IMPLICIT_RETAIN_SELF = YES;
				CLANG_WARN_OBJC_LITERAL_CONVERSION = YES;
				CLANG_WARN_OBJC_ROOT_CLASS = YES_ERROR;
				CLANG_WARN_QUOTED_INCLUDE_IN_FRAMEWORK_HEADER = YES;
				CLANG_WARN_RANGE_LOOP_ANALYSIS = YES;
				CLANG_WARN_STRICT_PROTOTYPES = YES;
				CLANG_WARN_SUSPICIOUS_MOVE = YES;
				CLANG_WARN_UNGUARDED_AVAILABILITY = YES_AGGRESSIVE;
				CLANG_WARN_UNREACHABLE_CODE = YES;
				CLANG_WARN__DUPLICATE_METHOD_MATCH = YES;
				COPY_PHASE_STRIP = NO;
				DEBUG_INFORMATION_FORMAT = "dwarf-with-dsym";
				ENABLE_NS_ASSERTIONS = NO;
				ENABLE_STRICT_OBJC_MSGSEND = YES;
				GCC_C_LANGUAGE_STANDARD = gnu11;
				GCC_NO_COMMON_BLOCKS = YES;
				GCC_WARN_64_TO_32_BIT_CONVERSION = YES;
				GCC_WARN_ABOUT_RETURN_TYPE = YES_ERROR;
				GCC_WARN_UNDECLARED_SELECTOR = YES;
				GCC_WARN_UNINITIALIZED_AUTOS = YES_AGGRESSIVE;
				GCC_WARN_UNUSED_FUNCTION = YES;
				GCC_WARN_UNUSED_VARIABLE = YES;
				IPHONEOS_DEPLOYMENT_TARGET = 14.0;
				MTL_ENABLE_DEBUG_INFO = NO;
				MTL_FAST_MATH = YES;
				SDKROOT = iphoneos;
				SWIFT_COMPILATION_MODE = wholemodule;
				SWIFT_OPTIMIZATION_LEVEL = "-O";
				VALIDATE_PRODUCT = YES;
			};
			name = Release;
		};
		04FCE65B2C92BCF50033E659 /* Debug */ = {
			isa = XCBuildConfiguration;
			buildSettings = {
				ASSETCATALOG_COMPILER_APPICON_NAME = AppIcon;
				ASSETCATALOG_COMPILER_GLOBAL_ACCENT_COLOR_NAME = AccentColor;
				CODE_SIGN_STYLE = Automatic;
				DEVELOPMENT_TEAM = W7J8FUEGEL;
				INFOPLIST_FILE = CustomPlistDemo/Info.plist;
				LD_RUNPATH_SEARCH_PATHS = (
					"$(inherited)",
					"@executable_path/Frameworks",
				);
				PRODUCT_BUNDLE_IDENTIFIER = com.bluepixeltech.CustomPlistDemo;
				PRODUCT_NAME = "$(TARGET_NAME)";
				SWIFT_VERSION = 5.0;
				TARGETED_DEVICE_FAMILY = "1,2";
			};
			name = Debug;
		};
		04FCE65C2C92BCF50033E659 /* Release */ = {
			isa = XCBuildConfiguration;
			buildSettings = {
				ASSETCATALOG_COMPILER_APPICON_NAME = AppIcon;
				ASSETCATALOG_COMPILER_GLOBAL_ACCENT_COLOR_NAME = AccentColor;
				CODE_SIGN_STYLE = Automatic;
				DEVELOPMENT_TEAM = W7J8FUEGEL;
				INFOPLIST_FILE = CustomPlistDemo/Info.plist;
				LD_RUNPATH_SEARCH_PATHS = (
					"$(inherited)",
					"@executable_path/Frameworks",
				);
				PRODUCT_BUNDLE_IDENTIFIER = com.bluepixeltech.CustomPlistDemo;
				PRODUCT_NAME = "$(TARGET_NAME)";
				SWIFT_VERSION = 5.0;
				TARGETED_DEVICE_FAMILY = "1,2";
			};
			name = Release;
		};
/* End XCBuildConfiguration section */

/* Begin XCConfigurationList section */
		04FCE6412C92BCF30033E659 /* Build configuration list for PBXProject "CustomPlistDemo" */ = {
			isa = XCConfigurationList;
			buildConfigurations = (
				04FCE6582C92BCF50033E659 /* Debug */,
				04FCE6592C92BCF50033E659 /* Release */,
			);
			defaultConfigurationIsVisible = 0;
			defaultConfigurationName = Release;
		};
		04FCE65A2C92BCF50033E659 /* Build configuration list for PBXNativeTarget "CustomPlistDemo" */ = {
			isa = XCConfigurationList;
			buildConfigurations = (
				04FCE65B2C92BCF50033E659 /* Debug */,
				04FCE65C2C92BCF50033E659 /* Release */,
			);
			defaultConfigurationIsVisible = 0;
			defaultConfigurationName = Release;
		};
/* End XCConfigurationList section */
	};
	rootObject = 04FCE63E2C92BCF30033E659 /* Project object */;
}
