// !$*UTF8*$!
{
	archiveVersion = 1;
	classes = {
	};
	objectVersion = 50;
	objects = {

/* Begin PBXBuildFile section */
		04770BF72C0712260073DEFC /* AppDelegate.swift in Sources */ = {isa = PBXBuildFile; fileRef = 04770BF62C0712260073DEFC /* AppDelegate.swift */; };
		04770BF92C0712260073DEFC /* SceneDelegate.swift in Sources */ = {isa = PBXBuildFile; fileRef = 04770BF82C0712260073DEFC /* SceneDelegate.swift */; };
		04770BFB2C0712260073DEFC /* ViewController.swift in Sources */ = {isa = PBXBuildFile; fileRef = 04770BFA2C0712260073DEFC /* ViewController.swift */; };
		04770BFE2C0712260073DEFC /* Main.storyboard in Resources */ = {isa = PBXBuildFile; fileRef = 04770BFC2C0712260073DEFC /* Main.storyboard */; };
		04770C002C0712290073DEFC /* Assets.xcassets in Resources */ = {isa = PBXBuildFile; fileRef = 04770BFF2C0712290073DEFC /* Assets.xcassets */; };
		04770C032C0712290073DEFC /* LaunchScreen.storyboard in Resources */ = {isa = PBXBuildFile; fileRef = 04770C012C0712290073DEFC /* LaunchScreen.storyboard */; };
		04770C0C2C072E9C0073DEFC /* AddViewController.swift in Sources */ = {isa = PBXBuildFile; fileRef = 04770C0B2C072E9C0073DEFC /* AddViewController.swift */; };
/* End PBXBuildFile section */

/* Begin PBXFileReference section */
		04770BF32C0712260073DEFC /* TodolistDelegate.app */ = {isa = PBXFileReference; explicitFileType = wrapper.application; includeInIndex = 0; path = TodolistDelegate.app; sourceTree = BUILT_PRODUCTS_DIR; };
		04770BF62C0712260073DEFC /* AppDelegate.swift */ = {isa = PBXFileReference; lastKnownFileType = sourcecode.swift; path = AppDelegate.swift; sourceTree = "<group>"; };
		04770BF82C0712260073DEFC /* SceneDelegate.swift */ = {isa = PBXFileReference; lastKnownFileType = sourcecode.swift; path = SceneDelegate.swift; sourceTree = "<group>"; };
		04770BFA2C0712260073DEFC /* ViewController.swift */ = {isa = PBXFileReference; lastKnownFileType = sourcecode.swift; path = ViewController.swift; sourceTree = "<group>"; };
		04770BFD2C0712260073DEFC /* Base */ = {isa = PBXFileReference; lastKnownFileType = file.storyboard; name = Base; path = Base.lproj/Main.storyboard; sourceTree = "<group>"; };
		04770BFF2C0712290073DEFC /* Assets.xcassets */ = {isa = PBXFileReference; lastKnownFileType = folder.assetcatalog; path = Assets.xcassets; sourceTree = "<group>"; };
		04770C022C0712290073DEFC /* Base */ = {isa = PBXFileReference; lastKnownFileType = file.storyboard; name = Base; path = Base.lproj/LaunchScreen.storyboard; sourceTree = "<group>"; };
		04770C042C0712290073DEFC /* Info.plist */ = {isa = PBXFileReference; lastKnownFileType = text.plist.xml; path = Info.plist; sourceTree = "<group>"; };
		04770C0B2C072E9C0073DEFC /* AddViewController.swift */ = {isa = PBXFileReference; lastKnownFileType = sourcecode.swift; path = AddViewController.swift; sourceTree = "<group>"; };
/* End PBXFileReference section */

/* Begin PBXFrameworksBuildPhase section */
		04770BF02C0712260073DEFC /* Frameworks */ = {
			isa = PBXFrameworksBuildPhase;
			buildActionMask = 2147483647;
			files = (
			);
			runOnlyForDeploymentPostprocessing = 0;
		};
/* End PBXFrameworksBuildPhase section */

/* Begin PBXGroup section */
		04770BEA2C0712260073DEFC = {
			isa = PBXGroup;
			children = (
				04770BF52C0712260073DEFC /* TodolistDelegate */,
				04770BF42C0712260073DEFC /* Products */,
			);
			sourceTree = "<group>";
		};
		04770BF42C0712260073DEFC /* Products */ = {
			isa = PBXGroup;
			children = (
				04770BF32C0712260073DEFC /* TodolistDelegate.app */,
			);
			name = Products;
			sourceTree = "<group>";
		};
		04770BF52C0712260073DEFC /* TodolistDelegate */ = {
			isa = PBXGroup;
			children = (
				04770BF62C0712260073DEFC /* AppDelegate.swift */,
				04770BF82C0712260073DEFC /* SceneDelegate.swift */,
				04770BFA2C0712260073DEFC /* ViewController.swift */,
				04770C0B2C072E9C0073DEFC /* AddViewController.swift */,
				04770BFC2C0712260073DEFC /* Main.storyboard */,
				04770BFF2C0712290073DEFC /* Assets.xcassets */,
				04770C012C0712290073DEFC /* LaunchScreen.storyboard */,
				04770C042C0712290073DEFC /* Info.plist */,
			);
			path = TodolistDelegate;
			sourceTree = "<group>";
		};
/* End PBXGroup section */

/* Begin PBXNativeTarget section */
		04770BF22C0712260073DEFC /* TodolistDelegate */ = {
			isa = PBXNativeTarget;
			buildConfigurationList = 04770C072C0712290073DEFC /* Build configuration list for PBXNativeTarget "TodolistDelegate" */;
			buildPhases = (
				04770BEF2C0712260073DEFC /* Sources */,
				04770BF02C0712260073DEFC /* Frameworks */,
				04770BF12C0712260073DEFC /* Resources */,
			);
			buildRules = (
			);
			dependencies = (
			);
			name = TodolistDelegate;
			productName = TodolistDelegate;
			productReference = 04770BF32C0712260073DEFC /* TodolistDelegate.app */;
			productType = "com.apple.product-type.application";
		};
/* End PBXNativeTarget section */

/* Begin PBXProject section */
		04770BEB2C0712260073DEFC /* Project object */ = {
			isa = PBXProject;
			attributes = {
				LastSwiftUpdateCheck = 1200;
				LastUpgradeCheck = 1200;
				TargetAttributes = {
					04770BF22C0712260073DEFC = {
						CreatedOnToolsVersion = 12.0;
					};
				};
			};
			buildConfigurationList = 04770BEE2C0712260073DEFC /* Build configuration list for PBXProject "TodolistDelegate" */;
			compatibilityVersion = "Xcode 9.3";
			developmentRegion = en;
			hasScannedForEncodings = 0;
			knownRegions = (
				en,
				Base,
			);
			mainGroup = 04770BEA2C0712260073DEFC;
			productRefGroup = 04770BF42C0712260073DEFC /* Products */;
			projectDirPath = "";
			projectRoot = "";
			targets = (
				04770BF22C0712260073DEFC /* TodolistDelegate */,
			);
		};
/* End PBXProject section */

/* Begin PBXResourcesBuildPhase section */
		04770BF12C0712260073DEFC /* Resources */ = {
			isa = PBXResourcesBuildPhase;
			buildActionMask = 2147483647;
			files = (
				04770C032C0712290073DEFC /* LaunchScreen.storyboard in Resources */,
				04770C002C0712290073DEFC /* Assets.xcassets in Resources */,
				04770BFE2C0712260073DEFC /* Main.storyboard in Resources */,
			);
			runOnlyForDeploymentPostprocessing = 0;
		};
/* End PBXResourcesBuildPhase section */

/* Begin PBXSourcesBuildPhase section */
		04770BEF2C0712260073DEFC /* Sources */ = {
			isa = PBXSourcesBuildPhase;
			buildActionMask = 2147483647;
			files = (
				04770BFB2C0712260073DEFC /* ViewController.swift in Sources */,
				04770BF72C0712260073DEFC /* AppDelegate.swift in Sources */,
				04770C0C2C072E9C0073DEFC /* AddViewController.swift in Sources */,
				04770BF92C0712260073DEFC /* SceneDelegate.swift in Sources */,
			);
			runOnlyForDeploymentPostprocessing = 0;
		};
/* End PBXSourcesBuildPhase section */

/* Begin PBXVariantGroup section */
		04770BFC2C0712260073DEFC /* Main.storyboard */ = {
			isa = PBXVariantGroup;
			children = (
				04770BFD2C0712260073DEFC /* Base */,
			);
			name = Main.storyboard;
			sourceTree = "<group>";
		};
		04770C012C0712290073DEFC /* LaunchScreen.storyboard */ = {
			isa = PBXVariantGroup;
			children = (
				04770C022C0712290073DEFC /* Base */,
			);
			name = LaunchScreen.storyboard;
			sourceTree = "<group>";
		};
/* End PBXVariantGroup section */

/* Begin XCBuildConfiguration section */
		04770C052C0712290073DEFC /* Debug */ = {
			isa = XCBuildConfiguration;
			buildSettings = {
				ALWAYS_SEARCH_USER_PATHS = NO;
				CLANG_ANALYZER_NONNULL = YES;
				CLANG_ANALYZER_NUMBER_OBJECT_CONVERSION = YES_AGGRESSIVE;
				CLANG_CXX_LANGUAGE_STANDARD = "gnu++14";
				CLANG_CXX_LIBRARY = "libc++";
				CLANG_ENABLE_MODULES = YES;
				CLANG_ENABLE_OBJC_ARC = YES;
				CLANG_ENABLE_OBJC_WEAK = YES;
				CLANG_WARN_BLOCK_CAPTURE_AUTORELEASING = YES;
				CLANG_WARN_BOOL_CONVERSION = YES;
				CLANG_WARN_COMMA = YES;
				CLANG_WARN_CONSTANT_CONVERSION = YES;
				CLANG_WARN_DEPRECATED_OBJC_IMPLEMENTATIONS = YES;
				CLANG_WARN_DIRECT_OBJC_ISA_USAGE = YES_ERROR;
				CLANG_WARN_DOCUMENTATION_COMMENTS = YES;
				CLANG_WARN_EMPTY_BODY = YES;
				CLANG_WARN_ENUM_CONVERSION = YES;
				CLANG_WARN_INFINITE_RECURSION = YES;
				CLANG_WARN_INT_CONVERSION = YES;
				CLANG_WARN_NON_LITERAL_NULL_CONVERSION = YES;
				CLANG_WARN_OBJC_IMPLICIT_RETAIN_SELF = YES;
				CLANG_WARN_OBJC_LITERAL_CONVERSION = YES;
				CLANG_WARN_OBJC_ROOT_CLASS = YES_ERROR;
				CLANG_WARN_QUOTED_INCLUDE_IN_FRAMEWORK_HEADER = YES;
				CLANG_WARN_RANGE_LOOP_ANALYSIS = YES;
				CLANG_WARN_STRICT_PROTOTYPES = YES;
				CLANG_WARN_SUSPICIOUS_MOVE = YES;
				CLANG_WARN_UNGUARDED_AVAILABILITY = YES_AGGRESSIVE;
				CLANG_WARN_UNREACHABLE_CODE = YES;
				CLANG_WARN__DUPLICATE_METHOD_MATCH = YES;
				COPY_PHASE_STRIP = NO;
				DEBUG_INFORMATION_FORMAT = dwarf;
				ENABLE_STRICT_OBJC_MSGSEND = YES;
				ENABLE_TESTABILITY = YES;
				GCC_C_LANGUAGE_STANDARD = gnu11;
				GCC_DYNAMIC_NO_PIC = NO;
				GCC_NO_COMMON_BLOCKS = YES;
				GCC_OPTIMIZATION_LEVEL = 0;
				GCC_PREPROCESSOR_DEFINITIONS = (
					"DEBUG=1",
					"$(inherited)",
				);
				GCC_WARN_64_TO_32_BIT_CONVERSION = YES;
				GCC_WARN_ABOUT_RETURN_TYPE = YES_ERROR;
				GCC_WARN_UNDECLARED_SELECTOR = YES;
				GCC_WARN_UNINITIALIZED_AUTOS = YES_AGGRESSIVE;
				GCC_WARN_UNUSED_FUNCTION = YES;
				GCC_WARN_UNUSED_VARIABLE = YES;
				IPHONEOS_DEPLOYMENT_TARGET = 14.0;
				MTL_ENABLE_DEBUG_INFO = INCLUDE_SOURCE;
				MTL_FAST_MATH = YES;
				ONLY_ACTIVE_ARCH = YES;
				SDKROOT = iphoneos;
				SWIFT_ACTIVE_COMPILATION_CONDITIONS = DEBUG;
				SWIFT_OPTIMIZATION_LEVEL = "-Onone";
			};
			name = Debug;
		};
		04770C062C0712290073DEFC /* Release */ = {
			isa = XCBuildConfiguration;
			buildSettings = {
				ALWAYS_SEARCH_USER_PATHS = NO;
				CLANG_ANALYZER_NONNULL = YES;
				CLANG_ANALYZER_NUMBER_OBJECT_CONVERSION = YES_AGGRESSIVE;
				CLANG_CXX_LANGUAGE_STANDARD = "gnu++14";
				CLANG_CXX_LIBRARY = "libc++";
				CLANG_ENABLE_MODULES = YES;
				CLANG_ENABLE_OBJC_ARC = YES;
				CLANG_ENABLE_OBJC_WEAK = YES;
				CLANG_WARN_BLOCK_CAPTURE_AUTORELEASING = YES;
				CLANG_WARN_BOOL_CONVERSION = YES;
				CLANG_WARN_COMMA = YES;
				CLANG_WARN_CONSTANT_CONVERSION = YES;
				CLANG_WARN_DEPRECATED_OBJC_IMPLEMENTATIONS = YES;
				CLANG_WARN_DIRECT_OBJC_ISA_USAGE = YES_ERROR;
				CLANG_WARN_DOCUMENTATION_COMMENTS = YES;
				CLANG_WARN_EMPTY_BODY = YES;
				CLANG_WARN_ENUM_CONVERSION = YES;
				CLANG_WARN_INFINITE_RECURSION = YES;
				CLANG_WARN_INT_CONVERSION = YES;
				CLANG_WARN_NON_LITERAL_NULL_CONVERSION = YES;
				CLANG_WARN_OBJC_IMPLICIT_RETAIN_SELF = YES;
				CLANG_WARN_OBJC_LITERAL_CONVERSION = YES;
				CLANG_WARN_OBJC_ROOT_CLASS = YES_ERROR;
				CLANG_WARN_QUOTED_INCLUDE_IN_FRAMEWORK_HEADER = YES;
				CLANG_WARN_RANGE_LOOP_ANALYSIS = YES;
				CLANG_WARN_STRICT_PROTOTYPES = YES;
				CLANG_WARN_SUSPICIOUS_MOVE = YES;
				CLANG_WARN_UNGUARDED_AVAILABILITY = YES_AGGRESSIVE;
				CLANG_WARN_UNREACHABLE_CODE = YES;
				CLANG_WARN__DUPLICATE_METHOD_MATCH = YES;
				COPY_PHASE_STRIP = NO;
				DEBUG_INFORMATION_FORMAT = "dwarf-with-dsym";
				ENABLE_NS_ASSERTIONS = NO;
				ENABLE_STRICT_OBJC_MSGSEND = YES;
				GCC_C_LANGUAGE_STANDARD = gnu11;
				GCC_NO_COMMON_BLOCKS = YES;
				GCC_WARN_64_TO_32_BIT_CONVERSION = YES;
				GCC_WARN_ABOUT_RETURN_TYPE = YES_ERROR;
				GCC_WARN_UNDECLARED_SELECTOR = YES;
				GCC_WARN_UNINITIALIZED_AUTOS = YES_AGGRESSIVE;
				GCC_WARN_UNUSED_FUNCTION = YES;
				GCC_WARN_UNUSED_VARIABLE = YES;
				IPHONEOS_DEPLOYMENT_TARGET = 14.0;
				MTL_ENABLE_DEBUG_INFO = NO;
				MTL_FAST_MATH = YES;
				SDKROOT = iphoneos;
				SWIFT_COMPILATION_MODE = wholemodule;
				SWIFT_OPTIMIZATION_LEVEL = "-O";
				VALIDATE_PRODUCT = YES;
			};
			name = Release;
		};
		04770C082C0712290073DEFC /* Debug */ = {
			isa = XCBuildConfiguration;
			buildSettings = {
				ASSETCATALOG_COMPILER_APPICON_NAME = AppIcon;
				ASSETCATALOG_COMPILER_GLOBAL_ACCENT_COLOR_NAME = AccentColor;
				CODE_SIGN_STYLE = Automatic;
				DEVELOPMENT_TEAM = W7J8FUEGEL;
				INFOPLIST_FILE = TodolistDelegate/Info.plist;
				LD_RUNPATH_SEARCH_PATHS = (
					"$(inherited)",
					"@executable_path/Frameworks",
				);
				PRODUCT_BUNDLE_IDENTIFIER = com.bluepixeltech.TodolistDelegate;
				PRODUCT_NAME = "$(TARGET_NAME)";
				SWIFT_VERSION = 5.0;
				TARGETED_DEVICE_FAMILY = "1,2";
			};
			name = Debug;
		};
		04770C092C0712290073DEFC /* Release */ = {
			isa = XCBuildConfiguration;
			buildSettings = {
				ASSETCATALOG_COMPILER_APPICON_NAME = AppIcon;
				ASSETCATALOG_COMPILER_GLOBAL_ACCENT_COLOR_NAME = AccentColor;
				CODE_SIGN_STYLE = Automatic;
				DEVELOPMENT_TEAM = W7J8FUEGEL;
				INFOPLIST_FILE = TodolistDelegate/Info.plist;
				LD_RUNPATH_SEARCH_PATHS = (
					"$(inherited)",
					"@executable_path/Frameworks",
				);
				PRODUCT_BUNDLE_IDENTIFIER = com.bluepixeltech.TodolistDelegate;
				PRODUCT_NAME = "$(TARGET_NAME)";
				SWIFT_VERSION = 5.0;
				TARGETED_DEVICE_FAMILY = "1,2";
			};
			name = Release;
		};
/* End XCBuildConfiguration section */

/* Begin XCConfigurationList section */
		04770BEE2C0712260073DEFC /* Build configuration list for PBXProject "TodolistDelegate" */ = {
			isa = XCConfigurationList;
			buildConfigurations = (
				04770C052C0712290073DEFC /* Debug */,
				04770C062C0712290073DEFC /* Release */,
			);
			defaultConfigurationIsVisible = 0;
			defaultConfigurationName = Release;
		};
		04770C072C0712290073DEFC /* Build configuration list for PBXNativeTarget "TodolistDelegate" */ = {
			isa = XCConfigurationList;
			buildConfigurations = (
				04770C082C0712290073DEFC /* Debug */,
				04770C092C0712290073DEFC /* Release */,
			);
			defaultConfigurationIsVisible = 0;
			defaultConfigurationName = Release;
		};
/* End XCConfigurationList section */
	};
	rootObject = 04770BEB2C0712260073DEFC /* Project object */;
}
